
Microsoft Visual Studio Solution File, Format Version 12.00
# Visual Studio Version 16
VisualStudioVersion = 16.0.30413.136
MinimumVisualStudioVersion = 10.0.40219.1
Project("{FAE04EC0-301F-11D3-BF4B-00C04F79EFBC}") = "DataAccess", "DataAccess\DataAccess.csproj", "{FC4230FA-5956-4C4F-8CEA-6F7821F7015F}"
EndProject
Project("{FAE04EC0-301F-11D3-BF4B-00C04F79EFBC}") = "Business", "Business\Business.csproj", "{66E98222-78C4-4AA8-95A6-DCE786BEDFB6}"
EndProject
Project("{FAE04EC0-301F-11D3-BF4B-00C04F79EFBC}") = "Entities", "Entities\Entities.csproj", "{A2FB9AAA-1C89-4355-89FA-2C466666899D}"
EndProject
Project("{FAE04EC0-301F-11D3-BF4B-00C04F79EFBC}") = "ConsoleUI", "ConsoleUI\ConsoleUI.csproj", "{046DB208-5D44-4F7C-BD74-AA543BAA5928}"
EndProject
Global
	GlobalSection(SolutionConfigurationPlatforms) = preSolution
		Debug|Any CPU = Debug|Any CPU
		Release|Any CPU = Release|Any CPU
	EndGlobalSection
	GlobalSection(ProjectConfigurationPlatforms) = postSolution
		{FC4230FA-5956-4C4F-8CEA-6F7821F7015F}.Debug|Any CPU.ActiveCfg = Debug|Any CPU
		{FC4230FA-5956-4C4F-8CEA-6F7821F7015F}.Debug|Any CPU.Build.0 = Debug|Any CPU
		{FC4230FA-5956-4C4F-8CEA-6F7821F7015F}.Release|Any CPU.ActiveCfg = Release|Any CPU
		{FC4230FA-5956-4C4F-8CEA-6F7821F7015F}.Release|Any CPU.Build.0 = Release|Any CPU
		{66E98222-78C4-4AA8-95A6-DCE786BEDFB6}.Debug|Any CPU.ActiveCfg = Debug|Any CPU
		{66E98222-78C4-4AA8-95A6-DCE786BEDFB6}.Debug|Any CPU.Build.0 = Debug|Any CPU
		{66E98222-78C4-4AA8-95A6-DCE786BEDFB6}.Release|Any CPU.ActiveCfg = Release|Any CPU
		{66E98222-78C4-4AA8-95A6-DCE786BEDFB6}.Release|Any CPU.Build.0 = Release|Any CPU
		{A2FB9AAA-1C89-4355-89FA-2C466666899D}.Debug|Any CPU.ActiveCfg = Debug|Any CPU
		{A2FB9AAA-1C89-4355-89FA-2C466666899D}.Debug|Any CPU.Build.0 = Debug|Any CPU
		{A2FB9AAA-1C89-4355-89FA-2C466666899D}.Release|Any CPU.ActiveCfg = Release|Any CPU
		{A2FB9AAA-1C89-4355-89FA-2C466666899D}.Release|Any CPU.Build.0 = Release|Any CPU
		{046DB208-5D44-4F7C-BD74-AA543BAA5928}.Debug|Any CPU.ActiveCfg = Debug|Any CPU
		{046DB208-5D44-4F7C-BD74-AA543BAA5928}.Debug|Any CPU.Build.0 = Debug|Any CPU
		{046DB208-5D44-4F7C-BD74-AA543BAA5928}.Release|Any CPU.ActiveCfg = Release|Any CPU
		{046DB208-5D44-4F7C-BD74-AA543BAA5928}.Release|Any CPU.Build.0 = Release|Any CPU
	EndGlobalSection
	GlobalSection(SolutionProperties) = preSolution
		HideSolutionNode = FALSE
	EndGlobalSection
	GlobalSection(ExtensibilityGlobals) = postSolution
		SolutionGuid = {595E2F2F-0316-4F2F-8CA7-0C74559012A8}
	EndGlobalSection
EndGlobal
